
Microsoft Visual Studio Solution File, Format Version 12.00
# Visual Studio Version 17
VisualStudioVersion = 17.10.35004.147
MinimumVisualStudioVersion = 10.0.40219.1
Project("{FAE04EC0-301F-11D3-BF4B-00C04F79EFBC}") = "ElasticsearchBlog", "ElasticsearchBlog\ElasticsearchBlog.csproj", "{1BCA5AA9-D7A0-4F10-9998-8613AF003685}"
EndProject
Global
	GlobalSection(SolutionConfigurationPlatforms) = preSolution
		Debug|Any CPU = Debug|Any CPU
		Release|Any CPU = Release|Any CPU
	EndGlobalSection
	GlobalSection(ProjectConfigurationPlatforms) = postSolution
		{1BCA5AA9-D7A0-4F10-9998-8613AF003685}.Debug|Any CPU.ActiveCfg = Debug|Any CPU
		{1BCA5AA9-D7A0-4F10-9998-8613AF003685}.Debug|Any CPU.Build.0 = Debug|Any CPU
		{1BCA5AA9-D7A0-4F10-9998-8613AF003685}.Release|Any CPU.ActiveCfg = Release|Any CPU
		{1BCA5AA9-D7A0-4F10-9998-8613AF003685}.Release|Any CPU.Build.0 = Release|Any CPU
	EndGlobalSection
	GlobalSection(SolutionProperties) = preSolution
		HideSolutionNode = FALSE
	EndGlobalSection
	GlobalSection(ExtensibilityGlobals) = postSolution
		SolutionGuid = {09858B93-6B3F-41AD-964F-6ED8B5B915F5}
	EndGlobalSection
EndGlobal
